{
  "pins" : [
    {
      "identity" : "livekit-uniffi-xcframework",
      "kind" : "remoteSourceControl",
      "location" : "https://github.com/livekit/livekit-uniffi-xcframework.git",
      "state" : {
        "revision" : "61229f4032131311b997ddb1bc1cb8f5afbe30c8",
        "version" : "0.0.5"
      }
    },
    {
      "identity" : "webrtc-xcframework",
      "kind" : "remoteSourceControl",
      "location" : "https://github.com/livekit/webrtc-xcframework.git",
      "state" : {
        "revision" : "0aa6a5ea4031d492d0493e3e4d4fbe08b5a0df78",
        "version" : "137.7151.12"
      }
    }
  ],
  "version" : 2
}
